
Microsoft Visual Studio Solution File, Format Version 12.00
# Visual Studio Version 17
VisualStudioVersion = 17.9.34728.123
MinimumVisualStudioVersion = 10.0.40219.1
Project("{9A19103F-16F7-4668-BE54-9A1E7A4F7556}") = "WebApplication4", "WebApplication4.csproj", "{68847383-8A78-4172-8F74-04FD6A4EE709}"
EndProject
Project("{FAE04EC0-301F-11D3-BF4B-00C04F79EFBC}") = "TestProject2", "..\TestProject2\TestProject2.csproj", "{FCA5B906-5215-42EC-A634-D0BE3CBD49FC}"
EndProject
Global
	GlobalSection(SolutionConfigurationPlatforms) = preSolution
		Debug|Any CPU = Debug|Any CPU
		Release|Any CPU = Release|Any CPU
	EndGlobalSection
	GlobalSection(ProjectConfigurationPlatforms) = postSolution
		{68847383-8A78-4172-8F74-04FD6A4EE709}.Debug|Any CPU.ActiveCfg = Debug|Any CPU
		{68847383-8A78-4172-8F74-04FD6A4EE709}.Debug|Any CPU.Build.0 = Debug|Any CPU
		{68847383-8A78-4172-8F74-04FD6A4EE709}.Release|Any CPU.ActiveCfg = Release|Any CPU
		{68847383-8A78-4172-8F74-04FD6A4EE709}.Release|Any CPU.Build.0 = Release|Any CPU
		{FCA5B906-5215-42EC-A634-D0BE3CBD49FC}.Debug|Any CPU.ActiveCfg = Debug|Any CPU
		{FCA5B906-5215-42EC-A634-D0BE3CBD49FC}.Debug|Any CPU.Build.0 = Debug|Any CPU
		{FCA5B906-5215-42EC-A634-D0BE3CBD49FC}.Release|Any CPU.ActiveCfg = Release|Any CPU
		{FCA5B906-5215-42EC-A634-D0BE3CBD49FC}.Release|Any CPU.Build.0 = Release|Any CPU
	EndGlobalSection
	GlobalSection(SolutionProperties) = preSolution
		HideSolutionNode = FALSE
	EndGlobalSection
	GlobalSection(ExtensibilityGlobals) = postSolution
		SolutionGuid = {A2A128B8-66C4-4B07-BC98-105CF323F3D4}
	EndGlobalSection
EndGlobal
